
Microsoft Visual Studio Solution File, Format Version 12.00
# Visual Studio Version 17
VisualStudioVersion = 17.3.32929.385
MinimumVisualStudioVersion = 10.0.40219.1
Project("{8BC9CEB8-8B4A-11D0-8D11-00A0C91BC942}") = "LoveStoryEngine", "LoveStoryEngine\LoveStoryEngine.vcxproj", "{453486E2-6602-4F71-AC5D-F22145F3CD76}"
EndProject
Global
	GlobalSection(SolutionConfigurationPlatforms) = preSolution
		Debug|x64 = Debug|x64
		Debug|x86 = Debug|x86
		Release|x64 = Release|x64
		Release|x86 = Release|x86
	EndGlobalSection
	GlobalSection(ProjectConfigurationPlatforms) = postSolution
		{453486E2-6602-4F71-AC5D-F22145F3CD76}.Debug|x64.ActiveCfg = Debug|x64
		{453486E2-6602-4F71-AC5D-F22145F3CD76}.Debug|x64.Build.0 = Debug|x64
		{453486E2-6602-4F71-AC5D-F22145F3CD76}.Debug|x86.ActiveCfg = Debug|Win32
		{453486E2-6602-4F71-AC5D-F22145F3CD76}.Debug|x86.Build.0 = Debug|Win32
		{453486E2-6602-4F71-AC5D-F22145F3CD76}.Release|x64.ActiveCfg = Release|x64
		{453486E2-6602-4F71-AC5D-F22145F3CD76}.Release|x64.Build.0 = Release|x64
		{453486E2-6602-4F71-AC5D-F22145F3CD76}.Release|x86.ActiveCfg = Release|Win32
		{453486E2-6602-4F71-AC5D-F22145F3CD76}.Release|x86.Build.0 = Release|Win32
	EndGlobalSection
	GlobalSection(SolutionProperties) = preSolution
		HideSolutionNode = FALSE
	EndGlobalSection
	GlobalSection(ExtensibilityGlobals) = postSolution
		SolutionGuid = {57131918-D36E-4FA0-BB5B-47A2506E4008}
	EndGlobalSection
EndGlobal
